
Microsoft Visual Studio Solution File, Format Version 12.00
# Visual Studio 15
VisualStudioVersion = 15.0.27004.2005
MinimumVisualStudioVersion = 10.0.40219.1
Project("{FAE04EC0-301F-11D3-BF4B-00C04F79EFBC}") = "LoveStats", "LoveStats\LoveStats.csproj", "{3FAB8272-8C1A-425D-AF13-0C51F928A71A}"
EndProject
Project("{FAE04EC0-301F-11D3-BF4B-00C04F79EFBC}") = "DAL", "DAL\DAL.csproj", "{9674C54D-B860-4C90-89E3-1D469642AD4E}"
EndProject
Project("{FAE04EC0-301F-11D3-BF4B-00C04F79EFBC}") = "BL", "BL\BL.csproj", "{E52C31FA-4070-4C05-A56C-1B4AAE2DDCB2}"
EndProject
Global
	GlobalSection(SolutionConfigurationPlatforms) = preSolution
		Debug|Any CPU = Debug|Any CPU
		Release|Any CPU = Release|Any CPU
	EndGlobalSection
	GlobalSection(ProjectConfigurationPlatforms) = postSolution
		{3FAB8272-8C1A-425D-AF13-0C51F928A71A}.Debug|Any CPU.ActiveCfg = Debug|Any CPU
		{3FAB8272-8C1A-425D-AF13-0C51F928A71A}.Debug|Any CPU.Build.0 = Debug|Any CPU
		{3FAB8272-8C1A-425D-AF13-0C51F928A71A}.Release|Any CPU.ActiveCfg = Release|Any CPU
		{3FAB8272-8C1A-425D-AF13-0C51F928A71A}.Release|Any CPU.Build.0 = Release|Any CPU
		{9674C54D-B860-4C90-89E3-1D469642AD4E}.Debug|Any CPU.ActiveCfg = Debug|Any CPU
		{9674C54D-B860-4C90-89E3-1D469642AD4E}.Debug|Any CPU.Build.0 = Debug|Any CPU
		{9674C54D-B860-4C90-89E3-1D469642AD4E}.Release|Any CPU.ActiveCfg = Release|Any CPU
		{9674C54D-B860-4C90-89E3-1D469642AD4E}.Release|Any CPU.Build.0 = Release|Any CPU
		{E52C31FA-4070-4C05-A56C-1B4AAE2DDCB2}.Debug|Any CPU.ActiveCfg = Debug|Any CPU
		{E52C31FA-4070-4C05-A56C-1B4AAE2DDCB2}.Debug|Any CPU.Build.0 = Debug|Any CPU
		{E52C31FA-4070-4C05-A56C-1B4AAE2DDCB2}.Release|Any CPU.ActiveCfg = Release|Any CPU
		{E52C31FA-4070-4C05-A56C-1B4AAE2DDCB2}.Release|Any CPU.Build.0 = Release|Any CPU
	EndGlobalSection
	GlobalSection(SolutionProperties) = preSolution
		HideSolutionNode = FALSE
	EndGlobalSection
	GlobalSection(ExtensibilityGlobals) = postSolution
		SolutionGuid = {CFB2F665-17B7-45EB-A410-82EA02201FA5}
	EndGlobalSection
EndGlobal
